
Microsoft Visual Studio Solution File, Format Version 12.00
# Visual Studio Version 17
VisualStudioVersion = 17.7.34031.279
MinimumVisualStudioVersion = 10.0.40219.1
Project("{FAE04EC0-301F-11D3-BF4B-00C04F79EFBC}") = "oyun", "oyun\oyun.csproj", "{4F09AB24-4906-4F69-9093-76E4AD957605}"
EndProject
Global
	GlobalSection(SolutionConfigurationPlatforms) = preSolution
		Debug|Any CPU = Debug|Any CPU
		Release|Any CPU = Release|Any CPU
	EndGlobalSection
	GlobalSection(ProjectConfigurationPlatforms) = postSolution
		{4F09AB24-4906-4F69-9093-76E4AD957605}.Debug|Any CPU.ActiveCfg = Debug|Any CPU
		{4F09AB24-4906-4F69-9093-76E4AD957605}.Debug|Any CPU.Build.0 = Debug|Any CPU
		{4F09AB24-4906-4F69-9093-76E4AD957605}.Release|Any CPU.ActiveCfg = Release|Any CPU
		{4F09AB24-4906-4F69-9093-76E4AD957605}.Release|Any CPU.Build.0 = Release|Any CPU
	EndGlobalSection
	GlobalSection(SolutionProperties) = preSolution
		HideSolutionNode = FALSE
	EndGlobalSection
	GlobalSection(ExtensibilityGlobals) = postSolution
		SolutionGuid = {CED35A5F-727A-481A-8B39-2847A231FD9D}
	EndGlobalSection
EndGlobal
